
Microsoft Visual Studio Solution File, Format Version 12.00
# Visual Studio Version 17
VisualStudioVersion = 17.8.34511.84
MinimumVisualStudioVersion = 10.0.40219.1
Project("{FAE04EC0-301F-11D3-BF4B-00C04F79EFBC}") = "Rezuma External", "basic esp\Rezuma External.csproj", "{0E979B8C-14F1-458E-86D0-F59CBCB9AFB5}"
EndProject
Global
	GlobalSection(SolutionConfigurationPlatforms) = preSolution
		Debug|Any CPU = Debug|Any CPU
		Debug|x64 = Debug|x64
		Release|Any CPU = Release|Any CPU
		Release|x64 = Release|x64
	EndGlobalSection
	GlobalSection(ProjectConfigurationPlatforms) = postSolution
		{0E979B8C-14F1-458E-86D0-F59CBCB9AFB5}.Debug|Any CPU.ActiveCfg = Debug|Any CPU
		{0E979B8C-14F1-458E-86D0-F59CBCB9AFB5}.Debug|Any CPU.Build.0 = Debug|Any CPU
		{0E979B8C-14F1-458E-86D0-F59CBCB9AFB5}.Debug|x64.ActiveCfg = Debug|x64
		{0E979B8C-14F1-458E-86D0-F59CBCB9AFB5}.Debug|x64.Build.0 = Debug|x64
		{0E979B8C-14F1-458E-86D0-F59CBCB9AFB5}.Release|Any CPU.ActiveCfg = Release|Any CPU
		{0E979B8C-14F1-458E-86D0-F59CBCB9AFB5}.Release|Any CPU.Build.0 = Release|Any CPU
		{0E979B8C-14F1-458E-86D0-F59CBCB9AFB5}.Release|x64.ActiveCfg = Release|x64
		{0E979B8C-14F1-458E-86D0-F59CBCB9AFB5}.Release|x64.Build.0 = Release|x64
	EndGlobalSection
	GlobalSection(SolutionProperties) = preSolution
		HideSolutionNode = FALSE
	EndGlobalSection
	GlobalSection(ExtensibilityGlobals) = postSolution
		SolutionGuid = {0ECDAF14-B83B-48D3-A160-0E1B71FA44AF}
	EndGlobalSection
EndGlobal
